
Microsoft Visual Studio Solution File, Format Version 12.00
# Visual Studio Version 17
VisualStudioVersion = 17.0.31919.166
MinimumVisualStudioVersion = 10.0.40219.1
Project("{9A19103F-16F7-4668-BE54-9A1E7A4F7556}") = "PayPalIntegrationDemo.Server", "PayPalIntegrationDemo\Server\PayPalIntegrationDemo.Server.csproj", "{1A007A12-E1DD-44BE-9243-CE7A55EA42F2}"
EndProject
Project("{9A19103F-16F7-4668-BE54-9A1E7A4F7556}") = "PayPalIntegrationDemo.Client", "PayPalIntegrationDemo\Client\PayPalIntegrationDemo.Client.csproj", "{63C10B82-A446-4786-8F2A-FC1B4EDB2306}"
EndProject
Global
	GlobalSection(SolutionConfigurationPlatforms) = preSolution
		Debug|Any CPU = Debug|Any CPU
		Release|Any CPU = Release|Any CPU
	EndGlobalSection
	GlobalSection(ProjectConfigurationPlatforms) = postSolution
		{1A007A12-E1DD-44BE-9243-CE7A55EA42F2}.Debug|Any CPU.ActiveCfg = Debug|Any CPU
		{1A007A12-E1DD-44BE-9243-CE7A55EA42F2}.Debug|Any CPU.Build.0 = Debug|Any CPU
		{1A007A12-E1DD-44BE-9243-CE7A55EA42F2}.Release|Any CPU.ActiveCfg = Release|Any CPU
		{1A007A12-E1DD-44BE-9243-CE7A55EA42F2}.Release|Any CPU.Build.0 = Release|Any CPU
		{63C10B82-A446-4786-8F2A-FC1B4EDB2306}.Debug|Any CPU.ActiveCfg = Debug|Any CPU
		{63C10B82-A446-4786-8F2A-FC1B4EDB2306}.Debug|Any CPU.Build.0 = Debug|Any CPU
		{63C10B82-A446-4786-8F2A-FC1B4EDB2306}.Release|Any CPU.ActiveCfg = Release|Any CPU
		{63C10B82-A446-4786-8F2A-FC1B4EDB2306}.Release|Any CPU.Build.0 = Release|Any CPU
	EndGlobalSection
	GlobalSection(SolutionProperties) = preSolution
		HideSolutionNode = FALSE
	EndGlobalSection
	GlobalSection(ExtensibilityGlobals) = postSolution
		SolutionGuid = {D171B932-4AAF-45E9-BA95-E1A76CE76CF5}
	EndGlobalSection
EndGlobal
